Microsoft Visual Studio Solution File, Format Version 12.00
# Visual Studio Version 17
VisualStudioVersion = 17.5.2.0
MinimumVisualStudioVersion = 10.0.40219.1
Project("{FAE04EC0-301F-11D3-BF4B-00C04F79EFBC}") = "QuadStickConfigManager", "QuadStickConfigManager.csproj", "{EF130BC5-B623-27DC-6F35-7C8E6BC11EAD}"
EndProject
Global
	GlobalSection(SolutionConfigurationPlatforms) = preSolution
		Debug|Any CPU = Debug|Any CPU
		Release|Any CPU = Release|Any CPU
	EndGlobalSection
	GlobalSection(ProjectConfigurationPlatforms) = postSolution
		{EF130BC5-B623-27DC-6F35-7C8E6BC11EAD}.Debug|Any CPU.ActiveCfg = Debug|Any CPU
		{EF130BC5-B623-27DC-6F35-7C8E6BC11EAD}.Debug|Any CPU.Build.0 = Debug|Any CPU
		{EF130BC5-B623-27DC-6F35-7C8E6BC11EAD}.Release|Any CPU.ActiveCfg = Release|Any CPU
		{EF130BC5-B623-27DC-6F35-7C8E6BC11EAD}.Release|Any CPU.Build.0 = Release|Any CPU
	EndGlobalSection
	GlobalSection(SolutionProperties) = preSolution
		HideSolutionNode = FALSE
	EndGlobalSection
	GlobalSection(ExtensibilityGlobals) = postSolution
		SolutionGuid = {1748CF6B-291E-4EF3-89F1-610A5970D8C2}
	EndGlobalSection
EndGlobal
